// !$*UTF8*$!
{
	archiveVersion = 1;
	classes = {
	};
	objectVersion = 50;
	objects = {

/* Begin PBXBuildFile section */
		6AAD711226BEC1490063F064 /* AppDelegate.swift in Sources */ = {isa = PBXBuildFile; fileRef = 6AAD711126BEC1490063F064 /* AppDelegate.swift */; };
		6AAD711426BEC1490063F064 /* SceneDelegate.swift in Sources */ = {isa = PBXBuildFile; fileRef = 6AAD711326BEC1490063F064 /* SceneDelegate.swift */; };
		6AAD711626BEC1490063F064 /* ViewController.swift in Sources */ = {isa = PBXBuildFile; fileRef = 6AAD711526BEC1490063F064 /* ViewController.swift */; };
		6AAD711926BEC1490063F064 /* Main.storyboard in Resources */ = {isa = PBXBuildFile; fileRef = 6AAD711726BEC1490063F064 /* Main.storyboard */; };
		6AAD711C26BEC1490063F064 /* Chart_and_Graphs.xcdatamodeld in Sources */ = {isa = PBXBuildFile; fileRef = 6AAD711A26BEC1490063F064 /* Chart_and_Graphs.xcdatamodeld */; };
		6AAD711E26BEC14A0063F064 /* Assets.xcassets in Resources */ = {isa = PBXBuildFile; fileRef = 6AAD711D26BEC14A0063F064 /* Assets.xcassets */; };
		6AAD712126BEC14A0063F064 /* LaunchScreen.storyboard in Resources */ = {isa = PBXBuildFile; fileRef = 6AAD711F26BEC14A0063F064 /* LaunchScreen.storyboard */; };
/* End PBXBuildFile section */

/* Begin PBXFileReference section */
		6AAD710E26BEC1490063F064 /* Chart and Graphs.app */ = {isa = PBXFileReference; explicitFileType = wrapper.application; includeInIndex = 0; path = "Chart and Graphs.app"; sourceTree = BUILT_PRODUCTS_DIR; };
		6AAD711126BEC1490063F064 /* AppDelegate.swift */ = {isa = PBXFileReference; lastKnownFileType = sourcecode.swift; path = AppDelegate.swift; sourceTree = "<group>"; };
		6AAD711326BEC1490063F064 /* SceneDelegate.swift */ = {isa = PBXFileReference; lastKnownFileType = sourcecode.swift; path = SceneDelegate.swift; sourceTree = "<group>"; };
		6AAD711526BEC1490063F064 /* ViewController.swift */ = {isa = PBXFileReference; lastKnownFileType = sourcecode.swift; path = ViewController.swift; sourceTree = "<group>"; };
		6AAD711826BEC1490063F064 /* Base */ = {isa = PBXFileReference; lastKnownFileType = file.storyboard; name = Base; path = Base.lproj/Main.storyboard; sourceTree = "<group>"; };
		6AAD711B26BEC1490063F064 /* Chart_and_Graphs.xcdatamodel */ = {isa = PBXFileReference; lastKnownFileType = wrapper.xcdatamodel; path = Chart_and_Graphs.xcdatamodel; sourceTree = "<group>"; };
		6AAD711D26BEC14A0063F064 /* Assets.xcassets */ = {isa = PBXFileReference; lastKnownFileType = folder.assetcatalog; path = Assets.xcassets; sourceTree = "<group>"; };
		6AAD712026BEC14A0063F064 /* Base */ = {isa = PBXFileReference; lastKnownFileType = file.storyboard; name = Base; path = Base.lproj/LaunchScreen.storyboard; sourceTree = "<group>"; };
		6AAD712226BEC14A0063F064 /* Info.plist */ = {isa = PBXFileReference; lastKnownFileType = text.plist.xml; path = Info.plist; sourceTree = "<group>"; };
/* End PBXFileReference section */

/* Begin PBXFrameworksBuildPhase section */
		6AAD710B26BEC1490063F064 /* Frameworks */ = {
			isa = PBXFrameworksBuildPhase;
			buildActionMask = 2147483647;
			files = (
			);
			runOnlyForDeploymentPostprocessing = 0;
		};
/* End PBXFrameworksBuildPhase section */

/* Begin PBXGroup section */
		6AAD710526BEC1490063F064 = {
			isa = PBXGroup;
			children = (
				6AAD711026BEC1490063F064 /* Chart and Graphs */,
				6AAD710F26BEC1490063F064 /* Products */,
			);
			sourceTree = "<group>";
		};
		6AAD710F26BEC1490063F064 /* Products */ = {
			isa = PBXGroup;
			children = (
				6AAD710E26BEC1490063F064 /* Chart and Graphs.app */,
			);
			name = Products;
			sourceTree = "<group>";
		};
		6AAD711026BEC1490063F064 /* Chart and Graphs */ = {
			isa = PBXGroup;
			children = (
				6AAD711126BEC1490063F064 /* AppDelegate.swift */,
				6AAD711326BEC1490063F064 /* SceneDelegate.swift */,
				6AAD711526BEC1490063F064 /* ViewController.swift */,
				6AAD711726BEC1490063F064 /* Main.storyboard */,
				6AAD711D26BEC14A0063F064 /* Assets.xcassets */,
				6AAD711F26BEC14A0063F064 /* LaunchScreen.storyboard */,
				6AAD712226BEC14A0063F064 /* Info.plist */,
				6AAD711A26BEC1490063F064 /* Chart_and_Graphs.xcdatamodeld */,
			);
			path = "Chart and Graphs";
			sourceTree = "<group>";
		};
/* End PBXGroup section */

/* Begin PBXNativeTarget section */
		6AAD710D26BEC1490063F064 /* Chart and Graphs */ = {
			isa = PBXNativeTarget;
			buildConfigurationList = 6AAD712526BEC14A0063F064 /* Build configuration list for PBXNativeTarget "Chart and Graphs" */;
			buildPhases = (
				6AAD710A26BEC1490063F064 /* Sources */,
				6AAD710B26BEC1490063F064 /* Frameworks */,
				6AAD710C26BEC1490063F064 /* Resources */,
			);
			buildRules = (
			);
			dependencies = (
			);
			name = "Chart and Graphs";
			productName = "Chart and Graphs";
			productReference = 6AAD710E26BEC1490063F064 /* Chart and Graphs.app */;
			productType = "com.apple.product-type.application";
		};
/* End PBXNativeTarget section */

/* Begin PBXProject section */
		6AAD710626BEC1490063F064 /* Project object */ = {
			isa = PBXProject;
			attributes = {
				LastSwiftUpdateCheck = 1250;
				LastUpgradeCheck = 1250;
				TargetAttributes = {
					6AAD710D26BEC1490063F064 = {
						CreatedOnToolsVersion = 12.5.1;
					};
				};
			};
			buildConfigurationList = 6AAD710926BEC1490063F064 /* Build configuration list for PBXProject "Chart and Graphs" */;
			compatibilityVersion = "Xcode 9.3";
			developmentRegion = en;
			hasScannedForEncodings = 0;
			knownRegions = (
				en,
				Base,
			);
			mainGroup = 6AAD710526BEC1490063F064;
			productRefGroup = 6AAD710F26BEC1490063F064 /* Products */;
			projectDirPath = "";
			projectRoot = "";
			targets = (
				6AAD710D26BEC1490063F064 /* Chart and Graphs */,
			);
		};
/* End PBXProject section */

/* Begin PBXResourcesBuildPhase section */
		6AAD710C26BEC1490063F064 /* Resources */ = {
			isa = PBXResourcesBuildPhase;
			buildActionMask = 2147483647;
			files = (
				6AAD712126BEC14A0063F064 /* LaunchScreen.storyboard in Resources */,
				6AAD711E26BEC14A0063F064 /* Assets.xcassets in Resources */,
				6AAD711926BEC1490063F064 /* Main.storyboard in Resources */,
			);
			runOnlyForDeploymentPostprocessing = 0;
		};
/* End PBXResourcesBuildPhase section */

/* Begin PBXSourcesBuildPhase section */
		6AAD710A26BEC1490063F064 /* Sources */ = {
			isa = PBXSourcesBuildPhase;
			buildActionMask = 2147483647;
			files = (
				6AAD711626BEC1490063F064 /* ViewController.swift in Sources */,
				6AAD711C26BEC1490063F064 /* Chart_and_Graphs.xcdatamodeld in Sources */,
				6AAD711226BEC1490063F064 /* AppDelegate.swift in Sources */,
				6AAD711426BEC1490063F064 /* SceneDelegate.swift in Sources */,
			);
			runOnlyForDeploymentPostprocessing = 0;
		};
/* End PBXSourcesBuildPhase section */

/* Begin PBXVariantGroup section */
		6AAD711726BEC1490063F064 /* Main.storyboard */ = {
			isa = PBXVariantGroup;
			children = (
				6AAD711826BEC1490063F064 /* Base */,
			);
			name = Main.storyboard;
			sourceTree = "<group>";
		};
		6AAD711F26BEC14A0063F064 /* LaunchScreen.storyboard */ = {
			isa = PBXVariantGroup;
			children = (
				6AAD712026BEC14A0063F064 /* Base */,
			);
			name = LaunchScreen.storyboard;
			sourceTree = "<group>";
		};
/* End PBXVariantGroup section */

/* Begin XCBuildConfiguration section */
		6AAD712326BEC14A0063F064 /* Debug */ = {
			isa = XCBuildConfiguration;
			buildSettings = {
				ALWAYS_SEARCH_USER_PATHS = NO;
				CLANG_ANALYZER_NONNULL = YES;
				CLANG_ANALYZER_NUMBER_OBJECT_CONVERSION = YES_AGGRESSIVE;
				CLANG_CXX_LANGUAGE_STANDARD = "gnu++14";
				CLANG_CXX_LIBRARY = "libc++";
				CLANG_ENABLE_MODULES = YES;
				CLANG_ENABLE_OBJC_ARC = YES;
				CLANG_ENABLE_OBJC_WEAK = YES;
				CLANG_WARN_BLOCK_CAPTURE_AUTORELEASING = YES;
				CLANG_WARN_BOOL_CONVERSION = YES;
				CLANG_WARN_COMMA = YES;
				CLANG_WARN_CONSTANT_CONVERSION = YES;
				CLANG_WARN_DEPRECATED_OBJC_IMPLEMENTATIONS = YES;
				CLANG_WARN_DIRECT_OBJC_ISA_USAGE = YES_ERROR;
				CLANG_WARN_DOCUMENTATION_COMMENTS = YES;
				CLANG_WARN_EMPTY_BODY = YES;
				CLANG_WARN_ENUM_CONVERSION = YES;
				CLANG_WARN_INFINITE_RECURSION = YES;
				CLANG_WARN_INT_CONVERSION = YES;
				CLANG_WARN_NON_LITERAL_NULL_CONVERSION = YES;
				CLANG_WARN_OBJC_IMPLICIT_RETAIN_SELF = YES;
				CLANG_WARN_OBJC_LITERAL_CONVERSION = YES;
				CLANG_WARN_OBJC_ROOT_CLASS = YES_ERROR;
				CLANG_WARN_QUOTED_INCLUDE_IN_FRAMEWORK_HEADER = YES;
				CLANG_WARN_RANGE_LOOP_ANALYSIS = YES;
				CLANG_WARN_STRICT_PROTOTYPES = YES;
				CLANG_WARN_SUSPICIOUS_MOVE = YES;
				CLANG_WARN_UNGUARDED_AVAILABILITY = YES_AGGRESSIVE;
				CLANG_WARN_UNREACHABLE_CODE = YES;
				CLANG_WARN__DUPLICATE_METHOD_MATCH = YES;
				COPY_PHASE_STRIP = NO;
				DEBUG_INFORMATION_FORMAT = dwarf;
				ENABLE_STRICT_OBJC_MSGSEND = YES;
				ENABLE_TESTABILITY = YES;
				GCC_C_LANGUAGE_STANDARD = gnu11;
				GCC_DYNAMIC_NO_PIC = NO;
				GCC_NO_COMMON_BLOCKS = YES;
				GCC_OPTIMIZATION_LEVEL = 0;
				GCC_PREPROCESSOR_DEFINITIONS = (
					"DEBUG=1",
					"$(inherited)",
				);
				GCC_WARN_64_TO_32_BIT_CONVERSION = YES;
				GCC_WARN_ABOUT_RETURN_TYPE = YES_ERROR;
				GCC_WARN_UNDECLARED_SELECTOR = YES;
				GCC_WARN_UNINITIALIZED_AUTOS = YES_AGGRESSIVE;
				GCC_WARN_UNUSED_FUNCTION = YES;
				GCC_WARN_UNUSED_VARIABLE = YES;
				IPHONEOS_DEPLOYMENT_TARGET = 14.5;
				MTL_ENABLE_DEBUG_INFO = INCLUDE_SOURCE;
				MTL_FAST_MATH = YES;
				ONLY_ACTIVE_ARCH = YES;
				SDKROOT = iphoneos;
				SWIFT_ACTIVE_COMPILATION_CONDITIONS = DEBUG;
				SWIFT_OPTIMIZATION_LEVEL = "-Onone";
			};
			name = Debug;
		};
		6AAD712426BEC14A0063F064 /* Release */ = {
			isa = XCBuildConfiguration;
			buildSettings = {
				ALWAYS_SEARCH_USER_PATHS = NO;
				CLANG_ANALYZER_NONNULL = YES;
				CLANG_ANALYZER_NUMBER_OBJECT_CONVERSION = YES_AGGRESSIVE;
				CLANG_CXX_LANGUAGE_STANDARD = "gnu++14";
				CLANG_CXX_LIBRARY = "libc++";
				CLANG_ENABLE_MODULES = YES;
				CLANG_ENABLE_OBJC_ARC = YES;
				CLANG_ENABLE_OBJC_WEAK = YES;
				CLANG_WARN_BLOCK_CAPTURE_AUTORELEASING = YES;
				CLANG_WARN_BOOL_CONVERSION = YES;
				CLANG_WARN_COMMA = YES;
				CLANG_WARN_CONSTANT_CONVERSION = YES;
				CLANG_WARN_DEPRECATED_OBJC_IMPLEMENTATIONS = YES;
				CLANG_WARN_DIRECT_OBJC_ISA_USAGE = YES_ERROR;
				CLANG_WARN_DOCUMENTATION_COMMENTS = YES;
				CLANG_WARN_EMPTY_BODY = YES;
				CLANG_WARN_ENUM_CONVERSION = YES;
				CLANG_WARN_INFINITE_RECURSION = YES;
				CLANG_WARN_INT_CONVERSION = YES;
				CLANG_WARN_NON_LITERAL_NULL_CONVERSION = YES;
				CLANG_WARN_OBJC_IMPLICIT_RETAIN_SELF = YES;
				CLANG_WARN_OBJC_LITERAL_CONVERSION = YES;
				CLANG_WARN_OBJC_ROOT_CLASS = YES_ERROR;
				CLANG_WARN_QUOTED_INCLUDE_IN_FRAMEWORK_HEADER = YES;
				CLANG_WARN_RANGE_LOOP_ANALYSIS = YES;
				CLANG_WARN_STRICT_PROTOTYPES = YES;
				CLANG_WARN_SUSPICIOUS_MOVE = YES;
				CLANG_WARN_UNGUARDED_AVAILABILITY = YES_AGGRESSIVE;
				CLANG_WARN_UNREACHABLE_CODE = YES;
				CLANG_WARN__DUPLICATE_METHOD_MATCH = YES;
				COPY_PHASE_STRIP = NO;
				DEBUG_INFORMATION_FORMAT = "dwarf-with-dsym";
				ENABLE_NS_ASSERTIONS = NO;
				ENABLE_STRICT_OBJC_MSGSEND = YES;
				GCC_C_LANGUAGE_STANDARD = gnu11;
				GCC_NO_COMMON_BLOCKS = YES;
				GCC_WARN_64_TO_32_BIT_CONVERSION = YES;
				GCC_WARN_ABOUT_RETURN_TYPE = YES_ERROR;
				GCC_WARN_UNDECLARED_SELECTOR = YES;
				GCC_WARN_UNINITIALIZED_AUTOS = YES_AGGRESSIVE;
				GCC_WARN_UNUSED_FUNCTION = YES;
				GCC_WARN_UNUSED_VARIABLE = YES;
				IPHONEOS_DEPLOYMENT_TARGET = 14.5;
				MTL_ENABLE_DEBUG_INFO = NO;
				MTL_FAST_MATH = YES;
				SDKROOT = iphoneos;
				SWIFT_COMPILATION_MODE = wholemodule;
				SWIFT_OPTIMIZATION_LEVEL = "-O";
				VALIDATE_PRODUCT = YES;
			};
			name = Release;
		};
		6AAD712626BEC14A0063F064 /* Debug */ = {
			isa = XCBuildConfiguration;
			buildSettings = {
				ASSETCATALOG_COMPILER_APPICON_NAME = AppIcon;
				ASSETCATALOG_COMPILER_GLOBAL_ACCENT_COLOR_NAME = AccentColor;
				CODE_SIGN_STYLE = Automatic;
				DEVELOPMENT_TEAM = D2QV53PR4Z;
				INFOPLIST_FILE = "Chart and Graphs/Info.plist";
				LD_RUNPATH_SEARCH_PATHS = (
					"$(inherited)",
					"@executable_path/Frameworks",
				);
				PRODUCT_BUNDLE_IDENTIFIER = "starkov.Chart-and-Graphs";
				PRODUCT_NAME = "$(TARGET_NAME)";
				SWIFT_VERSION = 5.0;
				TARGETED_DEVICE_FAMILY = "1,2";
			};
			name = Debug;
		};
		6AAD712726BEC14A0063F064 /* Release */ = {
			isa = XCBuildConfiguration;
			buildSettings = {
				ASSETCATALOG_COMPILER_APPICON_NAME = AppIcon;
				ASSETCATALOG_COMPILER_GLOBAL_ACCENT_COLOR_NAME = AccentColor;
				CODE_SIGN_STYLE = Automatic;
				DEVELOPMENT_TEAM = D2QV53PR4Z;
				INFOPLIST_FILE = "Chart and Graphs/Info.plist";
				LD_RUNPATH_SEARCH_PATHS = (
					"$(inherited)",
					"@executable_path/Frameworks",
				);
				PRODUCT_BUNDLE_IDENTIFIER = "starkov.Chart-and-Graphs";
				PRODUCT_NAME = "$(TARGET_NAME)";
				SWIFT_VERSION = 5.0;
				TARGETED_DEVICE_FAMILY = "1,2";
			};
			name = Release;
		};
/* End XCBuildConfiguration section */

/* Begin XCConfigurationList section */
		6AAD710926BEC1490063F064 /* Build configuration list for PBXProject "Chart and Graphs" */ = {
			isa = XCConfigurationList;
			buildConfigurations = (
				6AAD712326BEC14A0063F064 /* Debug */,
				6AAD712426BEC14A0063F064 /* Release */,
			);
			defaultConfigurationIsVisible = 0;
			defaultConfigurationName = Release;
		};
		6AAD712526BEC14A0063F064 /* Build configuration list for PBXNativeTarget "Chart and Graphs" */ = {
			isa = XCConfigurationList;
			buildConfigurations = (
				6AAD712626BEC14A0063F064 /* Debug */,
				6AAD712726BEC14A0063F064 /* Release */,
			);
			defaultConfigurationIsVisible = 0;
			defaultConfigurationName = Release;
		};
/* End XCConfigurationList section */

/* Begin XCVersionGroup section */
		6AAD711A26BEC1490063F064 /* Chart_and_Graphs.xcdatamodeld */ = {
			isa = XCVersionGroup;
			children = (
				6AAD711B26BEC1490063F064 /* Chart_and_Graphs.xcdatamodel */,
			);
			currentVersion = 6AAD711B26BEC1490063F064 /* Chart_and_Graphs.xcdatamodel */;
			path = Chart_and_Graphs.xcdatamodeld;
			sourceTree = "<group>";
			versionGroupType = wrapper.xcdatamodel;
		};
/* End XCVersionGroup section */
	};
	rootObject = 6AAD710626BEC1490063F064 /* Project object */;
}
